
Microsoft Visual Studio Solution File, Format Version 12.00
# Visual Studio Version 16
VisualStudioVersion = 16.0.30907.101
MinimumVisualStudioVersion = 10.0.40219.1
Project("{FAE04EC0-301F-11D3-BF4B-00C04F79EFBC}") = "GameProductManager", "GameProductManager\GameProductManager.csproj", "{4E9597B5-391F-4F20-9F53-85A83CCE7D9E}"
EndProject
Global
	GlobalSection(SolutionConfigurationPlatforms) = preSolution
		Debug|Any CPU = Debug|Any CPU
		Release|Any CPU = Release|Any CPU
	EndGlobalSection
	GlobalSection(ProjectConfigurationPlatforms) = postSolution
		{4E9597B5-391F-4F20-9F53-85A83CCE7D9E}.Debug|Any CPU.ActiveCfg = Debug|Any CPU
		{4E9597B5-391F-4F20-9F53-85A83CCE7D9E}.Debug|Any CPU.Build.0 = Debug|Any CPU
		{4E9597B5-391F-4F20-9F53-85A83CCE7D9E}.Release|Any CPU.ActiveCfg = Release|Any CPU
		{4E9597B5-391F-4F20-9F53-85A83CCE7D9E}.Release|Any CPU.Build.0 = Release|Any CPU
	EndGlobalSection
	GlobalSection(SolutionProperties) = preSolution
		HideSolutionNode = FALSE
	EndGlobalSection
	GlobalSection(ExtensibilityGlobals) = postSolution
		SolutionGuid = {2132022C-B3E9-4CCC-B272-28567B2E9A2E}
	EndGlobalSection
EndGlobal
